
Microsoft Visual Studio Solution File, Format Version 12.00
# Visual Studio Version 17
VisualStudioVersion = 17.6.33829.357
MinimumVisualStudioVersion = 10.0.40219.1
Project("{FAE04EC0-301F-11D3-BF4B-00C04F79EFBC}") = "SKWorkshop", "SKWorkshop.csproj", "{501DFA38-9AD0-4B2B-9186-479F0D99D302}"
EndProject
Global
	GlobalSection(SolutionConfigurationPlatforms) = preSolution
		Debug|Any CPU = Debug|Any CPU
		Release|Any CPU = Release|Any CPU
	EndGlobalSection
	GlobalSection(ProjectConfigurationPlatforms) = postSolution
		{501DFA38-9AD0-4B2B-9186-479F0D99D302}.Debug|Any CPU.ActiveCfg = Debug|Any CPU
		{501DFA38-9AD0-4B2B-9186-479F0D99D302}.Debug|Any CPU.Build.0 = Debug|Any CPU
		{501DFA38-9AD0-4B2B-9186-479F0D99D302}.Release|Any CPU.ActiveCfg = Release|Any CPU
		{501DFA38-9AD0-4B2B-9186-479F0D99D302}.Release|Any CPU.Build.0 = Release|Any CPU
	EndGlobalSection
	GlobalSection(SolutionProperties) = preSolution
		HideSolutionNode = FALSE
	EndGlobalSection
	GlobalSection(ExtensibilityGlobals) = postSolution
		SolutionGuid = {5CDFF916-7337-4860-B5A9-9483B418BD9C}
	EndGlobalSection
EndGlobal
